
Microsoft Visual Studio Solution File, Format Version 12.00
# Visual Studio Version 16
VisualStudioVersion = 16.0.32630.194
MinimumVisualStudioVersion = 10.0.40219.1
Project("{8BC9CEB8-8B4A-11D0-8D11-00A0C91BC942}") = "crypto", "crypto.vcxproj", "{99A79F64-0C4D-3D19-9B2C-820D383AE3E0}"
	ProjectSection(ProjectDependencies) = postProject
		{43FA5774-B8DB-3AA7-BA32-EE75EB45876F} = {43FA5774-B8DB-3AA7-BA32-EE75EB45876F}
	EndProjectSection
EndProject
Project("{8BC9CEB8-8B4A-11D0-8D11-00A0C91BC942}") = "openssl", "openssl.vcxproj", "{48DA1AAE-8F7F-331B-89C2-E7F3CEDE90E1}"
	ProjectSection(ProjectDependencies) = postProject
		{99A79F64-0C4D-3D19-9B2C-820D383AE3E0} = {99A79F64-0C4D-3D19-9B2C-820D383AE3E0}
		{E56F9FE5-9509-3A85-8242-5F4F5BDB66E8} = {E56F9FE5-9509-3A85-8242-5F4F5BDB66E8}
	EndProjectSection
EndProject
Project("{8BC9CEB8-8B4A-11D0-8D11-00A0C91BC942}") = "ssl", "ssl.vcxproj", "{E56F9FE5-9509-3A85-8242-5F4F5BDB66E8}"
	ProjectSection(ProjectDependencies) = postProject
		{99A79F64-0C4D-3D19-9B2C-820D383AE3E0} = {99A79F64-0C4D-3D19-9B2C-820D383AE3E0}
		{47429777-7590-3750-B608-81B4C2A37EBA} = {47429777-7590-3750-B608-81B4C2A37EBA}
	EndProjectSection
EndProject
Project("{8BC9CEB8-8B4A-11D0-8D11-00A0C91BC942}") = "tls", "tls.vcxproj", "{A4C90003-F5D2-3087-BC2E-2AC72C4C6C96}"
	ProjectSection(ProjectDependencies) = postProject
		{43FA5774-B8DB-3AA7-BA32-EE75EB45876F} = {43FA5774-B8DB-3AA7-BA32-EE75EB45876F}
		{47429777-7590-3750-B608-81B4C2A37EBA} = {47429777-7590-3750-B608-81B4C2A37EBA}
		{4D00501E-163D-3890-B9A5-2C99ADC60633} = {4D00501E-163D-3890-B9A5-2C99ADC60633}
	EndProjectSection
EndProject
Global
	GlobalSection(SolutionConfigurationPlatforms) = preSolution
		Debug|x64 = Debug|x64
		Release|x64 = Release|x64
	EndGlobalSection
	GlobalSection(ProjectConfigurationPlatforms) = postSolution
		{99A79F64-0C4D-3D19-9B2C-820D383AE3E0}.Debug|x64.ActiveCfg = Debug|x64
		{99A79F64-0C4D-3D19-9B2C-820D383AE3E0}.Debug|x64.Build.0 = Debug|x64
		{99A79F64-0C4D-3D19-9B2C-820D383AE3E0}.Release|x64.ActiveCfg = Release|x64
		{99A79F64-0C4D-3D19-9B2C-820D383AE3E0}.Release|x64.Build.0 = Release|x64
		{48DA1AAE-8F7F-331B-89C2-E7F3CEDE90E1}.Debug|x64.ActiveCfg = Debug|x64
		{48DA1AAE-8F7F-331B-89C2-E7F3CEDE90E1}.Debug|x64.Build.0 = Debug|x64
		{48DA1AAE-8F7F-331B-89C2-E7F3CEDE90E1}.Release|x64.ActiveCfg = Release|x64
		{48DA1AAE-8F7F-331B-89C2-E7F3CEDE90E1}.Release|x64.Build.0 = Release|x64
		{E56F9FE5-9509-3A85-8242-5F4F5BDB66E8}.Debug|x64.ActiveCfg = Debug|x64
		{E56F9FE5-9509-3A85-8242-5F4F5BDB66E8}.Debug|x64.Build.0 = Debug|x64
		{E56F9FE5-9509-3A85-8242-5F4F5BDB66E8}.Release|x64.ActiveCfg = Release|x64
		{E56F9FE5-9509-3A85-8242-5F4F5BDB66E8}.Release|x64.Build.0 = Release|x64
		{A4C90003-F5D2-3087-BC2E-2AC72C4C6C96}.Debug|x64.ActiveCfg = Debug|x64
		{A4C90003-F5D2-3087-BC2E-2AC72C4C6C96}.Debug|x64.Build.0 = Debug|x64
		{A4C90003-F5D2-3087-BC2E-2AC72C4C6C96}.Release|x64.ActiveCfg = Release|x64
		{A4C90003-F5D2-3087-BC2E-2AC72C4C6C96}.Release|x64.Build.0 = Release|x64
	EndGlobalSection
	GlobalSection(SolutionProperties) = preSolution
		HideSolutionNode = FALSE
	EndGlobalSection
	GlobalSection(ExtensibilityGlobals) = postSolution
		SolutionGuid = {76F9D997-CB80-3299-B844-2CC21C29DEE9}
	EndGlobalSection
EndGlobal
