<?xml version="1.0" encoding="utf-8"?>
<Project ToolsVersion="16.0" xmlns="http://schemas.microsoft.com/developer/msbuild/2003">
  <ItemGroup>
    <ClCompile Include="..\..\..\apps\openssl\apps.c" />
    <ClCompile Include="..\..\..\apps\openssl\asn1pars.c" />
    <ClCompile Include="..\..\..\apps\openssl\ca.c" />
    <ClCompile Include="..\..\..\apps\openssl\ciphers.c" />
    <ClCompile Include="..\..\..\apps\openssl\crl.c" />
    <ClCompile Include="..\..\..\apps\openssl\crl2p7.c" />
    <ClCompile Include="..\..\..\apps\openssl\cms.c" />
    <ClCompile Include="..\..\..\apps\openssl\dgst.c" />
    <ClCompile Include="..\..\..\apps\openssl\dh.c" />
    <ClCompile Include="..\..\..\apps\openssl\dhparam.c" />
    <ClCompile Include="..\..\..\apps\openssl\dsa.c" />
    <ClCompile Include="..\..\..\apps\openssl\dsaparam.c" />
    <ClCompile Include="..\..\..\apps\openssl\ec.c" />
    <ClCompile Include="..\..\..\apps\openssl\ecparam.c" />
    <ClCompile Include="..\..\..\apps\openssl\enc.c" />
    <ClCompile Include="..\..\..\apps\openssl\errstr.c" />
    <ClCompile Include="..\..\..\apps\openssl\gendh.c" />
    <ClCompile Include="..\..\..\apps\openssl\gendsa.c" />
    <ClCompile Include="..\..\..\apps\openssl\genpkey.c" />
    <ClCompile Include="..\..\..\apps\openssl\genrsa.c" />
    <ClCompile Include="..\..\..\apps\openssl\nseq.c" />
    <ClCompile Include="..\..\..\apps\openssl\ocsp.c" />
    <ClCompile Include="..\..\..\apps\openssl\openssl.c" />
    <ClCompile Include="..\..\..\apps\openssl\passwd.c" />
    <ClCompile Include="..\..\..\apps\openssl\pkcs12.c" />
    <ClCompile Include="..\..\..\apps\openssl\pkcs7.c" />
    <ClCompile Include="..\..\..\apps\openssl\pkcs8.c" />
    <ClCompile Include="..\..\..\apps\openssl\pkey.c" />
    <ClCompile Include="..\..\..\apps\openssl\pkeyparam.c" />
    <ClCompile Include="..\..\..\apps\openssl\pkeyutl.c" />
    <ClCompile Include="..\..\..\apps\openssl\prime.c" />
    <ClCompile Include="..\..\..\apps\openssl\rand.c" />
    <ClCompile Include="..\..\..\apps\openssl\req.c" />
    <ClCompile Include="..\..\..\apps\openssl\rsa.c" />
    <ClCompile Include="..\..\..\apps\openssl\rsautl.c" />
    <ClCompile Include="..\..\..\apps\openssl\s_cb.c" />
    <ClCompile Include="..\..\..\apps\openssl\s_client.c" />
    <ClCompile Include="..\..\..\apps\openssl\s_server.c" />
    <ClCompile Include="..\..\..\apps\openssl\s_socket.c" />
    <ClCompile Include="..\..\..\apps\openssl\s_time.c" />
    <ClCompile Include="..\..\..\apps\openssl\sess_id.c" />
    <ClCompile Include="..\..\..\apps\openssl\smime.c" />
    <ClCompile Include="..\..\..\apps\openssl\speed.c" />
    <ClCompile Include="..\..\..\apps\openssl\spkac.c" />
    <ClCompile Include="..\..\..\apps\openssl\ts.c" />
    <ClCompile Include="..\..\..\apps\openssl\verify.c" />
    <ClCompile Include="..\..\..\apps\openssl\version.c" />
    <ClCompile Include="..\..\..\apps\openssl\x509.c" />
    <ClCompile Include="..\..\..\apps\openssl\apps_win.c" />
    <ClCompile Include="..\..\..\apps\openssl\certhash_win.c" />
    <ClCompile Include="..\..\..\apps\openssl\compat\poll_win.c" />
  </ItemGroup>
  <ItemGroup>
    <Filter Include="Source Files">
      <UniqueIdentifier>{08E4D568-4F1B-3A6F-83F4-B98A3C1061C1}</UniqueIdentifier>
    </Filter>
  </ItemGroup>
</Project>