<?xml version="1.0" encoding="utf-8"?>
<Project ToolsVersion="16.0" xmlns="http://schemas.microsoft.com/developer/msbuild/2003">
  <ItemGroup>
    <None Include="ssl.def" />
  </ItemGroup>
  <ItemGroup>
    <Object Include="ssl_obj.dir\$(Configuration)\bio_ssl.obj" />
    <Object Include="ssl_obj.dir\$(Configuration)\d1_both.obj" />
    <Object Include="ssl_obj.dir\$(Configuration)\d1_lib.obj" />
    <Object Include="ssl_obj.dir\$(Configuration)\d1_pkt.obj" />
    <Object Include="ssl_obj.dir\$(Configuration)\d1_srtp.obj" />
    <Object Include="ssl_obj.dir\$(Configuration)\pqueue.obj" />
    <Object Include="ssl_obj.dir\$(Configuration)\s3_cbc.obj" />
    <Object Include="ssl_obj.dir\$(Configuration)\s3_lib.obj" />
    <Object Include="ssl_obj.dir\$(Configuration)\ssl_algs.obj" />
    <Object Include="ssl_obj.dir\$(Configuration)\ssl_asn1.obj" />
    <Object Include="ssl_obj.dir\$(Configuration)\ssl_both.obj" />
    <Object Include="ssl_obj.dir\$(Configuration)\ssl_cert.obj" />
    <Object Include="ssl_obj.dir\$(Configuration)\ssl_ciph.obj" />
    <Object Include="ssl_obj.dir\$(Configuration)\ssl_ciphers.obj" />
    <Object Include="ssl_obj.dir\$(Configuration)\ssl_clnt.obj" />
    <Object Include="ssl_obj.dir\$(Configuration)\ssl_err.obj" />
    <Object Include="ssl_obj.dir\$(Configuration)\ssl_init.obj" />
    <Object Include="ssl_obj.dir\$(Configuration)\ssl_kex.obj" />
    <Object Include="ssl_obj.dir\$(Configuration)\ssl_lib.obj" />
    <Object Include="ssl_obj.dir\$(Configuration)\ssl_methods.obj" />
    <Object Include="ssl_obj.dir\$(Configuration)\ssl_packet.obj" />
    <Object Include="ssl_obj.dir\$(Configuration)\ssl_pkt.obj" />
    <Object Include="ssl_obj.dir\$(Configuration)\ssl_rsa.obj" />
    <Object Include="ssl_obj.dir\$(Configuration)\ssl_sess.obj" />
    <Object Include="ssl_obj.dir\$(Configuration)\ssl_sigalgs.obj" />
    <Object Include="ssl_obj.dir\$(Configuration)\ssl_srvr.obj" />
    <Object Include="ssl_obj.dir\$(Configuration)\ssl_stat.obj" />
    <Object Include="ssl_obj.dir\$(Configuration)\ssl_tlsext.obj" />
    <Object Include="ssl_obj.dir\$(Configuration)\ssl_transcript.obj" />
    <Object Include="ssl_obj.dir\$(Configuration)\ssl_txt.obj" />
    <Object Include="ssl_obj.dir\$(Configuration)\ssl_versions.obj" />
    <Object Include="ssl_obj.dir\$(Configuration)\t1_enc.obj" />
    <Object Include="ssl_obj.dir\$(Configuration)\t1_lib.obj" />
    <Object Include="ssl_obj.dir\$(Configuration)\tls_buffer.obj" />
    <Object Include="ssl_obj.dir\$(Configuration)\tls_content.obj" />
    <Object Include="ssl_obj.dir\$(Configuration)\tls_key_share.obj" />
    <Object Include="ssl_obj.dir\$(Configuration)\tls12_key_schedule.obj" />
    <Object Include="ssl_obj.dir\$(Configuration)\tls12_lib.obj" />
    <Object Include="ssl_obj.dir\$(Configuration)\tls12_record_layer.obj" />
    <Object Include="ssl_obj.dir\$(Configuration)\tls13_client.obj" />
    <Object Include="ssl_obj.dir\$(Configuration)\tls13_error.obj" />
    <Object Include="ssl_obj.dir\$(Configuration)\tls13_handshake.obj" />
    <Object Include="ssl_obj.dir\$(Configuration)\tls13_handshake_msg.obj" />
    <Object Include="ssl_obj.dir\$(Configuration)\tls13_key_schedule.obj" />
    <Object Include="ssl_obj.dir\$(Configuration)\tls13_legacy.obj" />
    <Object Include="ssl_obj.dir\$(Configuration)\tls13_lib.obj" />
    <Object Include="ssl_obj.dir\$(Configuration)\tls13_record.obj" />
    <Object Include="ssl_obj.dir\$(Configuration)\tls13_record_layer.obj" />
    <Object Include="ssl_obj.dir\$(Configuration)\tls13_server.obj" />
    <Object Include="bs_obj.dir\$(Configuration)\bs_ber.obj" />
    <Object Include="bs_obj.dir\$(Configuration)\bs_cbb.obj" />
    <Object Include="bs_obj.dir\$(Configuration)\bs_cbs.obj" />
  </ItemGroup>
  <ItemGroup>
    <Filter Include="Object Libraries">
      <UniqueIdentifier>{E8DCF99D-8B33-3C59-8909-9ACD2985B088}</UniqueIdentifier>
    </Filter>
    <Filter Include="Source Files">
      <UniqueIdentifier>{08E4D568-4F1B-3A6F-83F4-B98A3C1061C1}</UniqueIdentifier>
    </Filter>
  </ItemGroup>
</Project>