<?xml version="1.0" encoding="utf-8"?>
<Project ToolsVersion="16.0" xmlns="http://schemas.microsoft.com/developer/msbuild/2003">
  <ItemGroup>
    <ClCompile Include="..\..\tls\tls.c" />
    <ClCompile Include="..\..\tls\tls_bio_cb.c" />
    <ClCompile Include="..\..\tls\tls_client.c" />
    <ClCompile Include="..\..\tls\tls_config.c" />
    <ClCompile Include="..\..\tls\tls_conninfo.c" />
    <ClCompile Include="..\..\tls\tls_keypair.c" />
    <ClCompile Include="..\..\tls\tls_server.c" />
    <ClCompile Include="..\..\tls\tls_signer.c" />
    <ClCompile Include="..\..\tls\tls_ocsp.c" />
    <ClCompile Include="..\..\tls\tls_peer.c" />
    <ClCompile Include="..\..\tls\tls_util.c" />
    <ClCompile Include="..\..\tls\tls_verify.c" />
    <ClCompile Include="..\..\tls\compat\ftruncate.c" />
    <ClCompile Include="..\..\tls\compat\pread.c" />
    <ClCompile Include="..\..\tls\compat\pwrite.c" />
  </ItemGroup>
  <ItemGroup>
    <Filter Include="Source Files">
      <UniqueIdentifier>{08E4D568-4F1B-3A6F-83F4-B98A3C1061C1}</UniqueIdentifier>
    </Filter>
  </ItemGroup>
</Project>